// !$*UTF8*$!
{
	archiveVersion = 1;
	classes = {
	};
	objectVersion = 46;
	objects = {

/* Begin PBXBuildFile section */
		7C87BE6B1CA0811600459DEC /* AppDelegate.swift in Sources */ = {isa = PBXBuildFile; fileRef = 7C87BE6A1CA0811600459DEC /* AppDelegate.swift */; };
		7C87BE721CA0811600459DEC /* Assets.xcassets in Resources */ = {isa = PBXBuildFile; fileRef = 7C87BE711CA0811600459DEC /* Assets.xcassets */; };
		7C87BE751CA0811600459DEC /* LaunchScreen.storyboard in Resources */ = {isa = PBXBuildFile; fileRef = 7C87BE731CA0811600459DEC /* LaunchScreen.storyboard */; };
		7C87BE801CA0811600459DEC /* Spin_1_0_0Tests.swift in Sources */ = {isa = PBXBuildFile; fileRef = 7C87BE7F1CA0811600459DEC /* Spin_1_0_0Tests.swift */; };
		7C87BE8B1CA0811600459DEC /* Spin_1_0_0UITests.swift in Sources */ = {isa = PBXBuildFile; fileRef = 7C87BE8A1CA0811600459DEC /* Spin_1_0_0UITests.swift */; };
		7CB1D8B11CA760E70057491E /* circularButton.swift in Sources */ = {isa = PBXBuildFile; fileRef = 7CB1D8B01CA760E70057491E /* circularButton.swift */; };
		7CD0EE971CA7904E00867CBD /* circularCollectionViewCell.swift in Sources */ = {isa = PBXBuildFile; fileRef = 7CD0EE961CA7904E00867CBD /* circularCollectionViewCell.swift */; };
		7CEF8F0B1CA35D0B00CC7043 /* mainViewController.swift in Sources */ = {isa = PBXBuildFile; fileRef = 7CEF8F0A1CA35D0B00CC7043 /* mainViewController.swift */; };
		7CF47C461CA8A93E0060FA3A /* Spin_1.0.0.xcdatamodeld in Sources */ = {isa = PBXBuildFile; fileRef = 7CF47C441CA8A93E0060FA3A /* Spin_1.0.0.xcdatamodeld */; };
		7CF47C851CA8B1150060FA3A /* addTaskViewController.swift in Sources */ = {isa = PBXBuildFile; fileRef = 7CF47C841CA8B1150060FA3A /* addTaskViewController.swift */; };
		7CF47C891CA8B8D10060FA3A /* Main.storyboard in Resources */ = {isa = PBXBuildFile; fileRef = 7CF47C881CA8B8D10060FA3A /* Main.storyboard */; };
/* End PBXBuildFile section */

/* Begin PBXContainerItemProxy section */
		7C87BE7C1CA0811600459DEC /* PBXContainerItemProxy */ = {
			isa = PBXContainerItemProxy;
			containerPortal = 7C87BE5F1CA0811600459DEC /* Project object */;
			proxyType = 1;
			remoteGlobalIDString = 7C87BE661CA0811600459DEC;
			remoteInfo = Spin_1.0.0;
		};
		7C87BE871CA0811600459DEC /* PBXContainerItemProxy */ = {
			isa = PBXContainerItemProxy;
			containerPortal = 7C87BE5F1CA0811600459DEC /* Project object */;
			proxyType = 1;
			remoteGlobalIDString = 7C87BE661CA0811600459DEC;
			remoteInfo = Spin_1.0.0;
		};
/* End PBXContainerItemProxy section */

/* Begin PBXFileReference section */
		7C87BE671CA0811600459DEC /* Spin_1.0.0.app */ = {isa = PBXFileReference; explicitFileType = wrapper.application; includeInIndex = 0; path = Spin_1.0.0.app; sourceTree = BUILT_PRODUCTS_DIR; };
		7C87BE6A1CA0811600459DEC /* AppDelegate.swift */ = {isa = PBXFileReference; lastKnownFileType = sourcecode.swift; path = AppDelegate.swift; sourceTree = "<group>"; };
		7C87BE711CA0811600459DEC /* Assets.xcassets */ = {isa = PBXFileReference; lastKnownFileType = folder.assetcatalog; path = Assets.xcassets; sourceTree = "<group>"; };
		7C87BE741CA0811600459DEC /* Base */ = {isa = PBXFileReference; lastKnownFileType = file.storyboard; name = Base; path = Base.lproj/LaunchScreen.storyboard; sourceTree = "<group>"; };
		7C87BE761CA0811600459DEC /* Info.plist */ = {isa = PBXFileReference; lastKnownFileType = text.plist.xml; path = Info.plist; sourceTree = "<group>"; };
		7C87BE7B1CA0811600459DEC /* Spin_1.0.0Tests.xctest */ = {isa = PBXFileReference; explicitFileType = wrapper.cfbundle; includeInIndex = 0; path = Spin_1.0.0Tests.xctest; sourceTree = BUILT_PRODUCTS_DIR; };
		7C87BE7F1CA0811600459DEC /* Spin_1_0_0Tests.swift */ = {isa = PBXFileReference; lastKnownFileType = sourcecode.swift; path = Spin_1_0_0Tests.swift; sourceTree = "<group>"; };
		7C87BE811CA0811600459DEC /* Info.plist */ = {isa = PBXFileReference; lastKnownFileType = text.plist.xml; path = Info.plist; sourceTree = "<group>"; };
		7C87BE861CA0811600459DEC /* Spin_1.0.0UITests.xctest */ = {isa = PBXFileReference; explicitFileType = wrapper.cfbundle; includeInIndex = 0; path = Spin_1.0.0UITests.xctest; sourceTree = BUILT_PRODUCTS_DIR; };
		7C87BE8A1CA0811600459DEC /* Spin_1_0_0UITests.swift */ = {isa = PBXFileReference; lastKnownFileType = sourcecode.swift; path = Spin_1_0_0UITests.swift; sourceTree = "<group>"; };
		7C87BE8C1CA0811600459DEC /* Info.plist */ = {isa = PBXFileReference; lastKnownFileType = text.plist.xml; path = Info.plist; sourceTree = "<group>"; };
		7CB1D8B01CA760E70057491E /* circularButton.swift */ = {isa = PBXFileReference; fileEncoding = 4; lastKnownFileType = sourcecode.swift; path = circularButton.swift; sourceTree = "<group>"; };
		7CD0EE961CA7904E00867CBD /* circularCollectionViewCell.swift */ = {isa = PBXFileReference; fileEncoding = 4; lastKnownFileType = sourcecode.swift; path = circularCollectionViewCell.swift; sourceTree = "<group>"; };
		7CEF8F0A1CA35D0B00CC7043 /* mainViewController.swift */ = {isa = PBXFileReference; fileEncoding = 4; lastKnownFileType = sourcecode.swift; path = mainViewController.swift; sourceTree = "<group>"; };
		7CF47C451CA8A93E0060FA3A /* Spin_1.0.0.xcdatamodel */ = {isa = PBXFileReference; lastKnownFileType = wrapper.xcdatamodel; path = Spin_1.0.0.xcdatamodel; sourceTree = "<group>"; };
		7CF47C841CA8B1150060FA3A /* addTaskViewController.swift */ = {isa = PBXFileReference; fileEncoding = 4; lastKnownFileType = sourcecode.swift; path = addTaskViewController.swift; sourceTree = "<group>"; };
		7CF47C881CA8B8D10060FA3A /* Main.storyboard */ = {isa = PBXFileReference; fileEncoding = 4; lastKnownFileType = file.storyboard; path = Main.storyboard; sourceTree = "<group>"; };
/* End PBXFileReference section */

/* Begin PBXFrameworksBuildPhase section */
		7C87BE641CA0811600459DEC /* Frameworks */ = {
			isa = PBXFrameworksBuildPhase;
			buildActionMask = 2147483647;
			files = (
			);
			runOnlyForDeploymentPostprocessing = 0;
		};
		7C87BE781CA0811600459DEC /* Frameworks */ = {
			isa = PBXFrameworksBuildPhase;
			buildActionMask = 2147483647;
			files = (
			);
			runOnlyForDeploymentPostprocessing = 0;
		};
		7C87BE831CA0811600459DEC /* Frameworks */ = {
			isa = PBXFrameworksBuildPhase;
			buildActionMask = 2147483647;
			files = (
			);
			runOnlyForDeploymentPostprocessing = 0;
		};
/* End PBXFrameworksBuildPhase section */

/* Begin PBXGroup section */
		7C87BE5E1CA0811600459DEC = {
			isa = PBXGroup;
			children = (
				7C87BE691CA0811600459DEC /* Spin_1.0.0 */,
				7C87BE7E1CA0811600459DEC /* Spin_1.0.0Tests */,
				7C87BE891CA0811600459DEC /* Spin_1.0.0UITests */,
				7C87BE681CA0811600459DEC /* Products */,
			);
			sourceTree = "<group>";
		};
		7C87BE681CA0811600459DEC /* Products */ = {
			isa = PBXGroup;
			children = (
				7C87BE671CA0811600459DEC /* Spin_1.0.0.app */,
				7C87BE7B1CA0811600459DEC /* Spin_1.0.0Tests.xctest */,
				7C87BE861CA0811600459DEC /* Spin_1.0.0UITests.xctest */,
			);
			name = Products;
			sourceTree = "<group>";
		};
		7C87BE691CA0811600459DEC /* Spin_1.0.0 */ = {
			isa = PBXGroup;
			children = (
				7C87BE6A1CA0811600459DEC /* AppDelegate.swift */,
				7CF47C441CA8A93E0060FA3A /* Spin_1.0.0.xcdatamodeld */,
				7CF47C841CA8B1150060FA3A /* addTaskViewController.swift */,
				7CD0EE961CA7904E00867CBD /* circularCollectionViewCell.swift */,
				7CEF8F0A1CA35D0B00CC7043 /* mainViewController.swift */,
				7CB1D8B01CA760E70057491E /* circularButton.swift */,
				7CF47C881CA8B8D10060FA3A /* Main.storyboard */,
				7C87BE711CA0811600459DEC /* Assets.xcassets */,
				7C87BE731CA0811600459DEC /* LaunchScreen.storyboard */,
				7C87BE761CA0811600459DEC /* Info.plist */,
			);
			path = Spin_1.0.0;
			sourceTree = "<group>";
		};
		7C87BE7E1CA0811600459DEC /* Spin_1.0.0Tests */ = {
			isa = PBXGroup;
			children = (
				7C87BE7F1CA0811600459DEC /* Spin_1_0_0Tests.swift */,
				7C87BE811CA0811600459DEC /* Info.plist */,
			);
			path = Spin_1.0.0Tests;
			sourceTree = "<group>";
		};
		7C87BE891CA0811600459DEC /* Spin_1.0.0UITests */ = {
			isa = PBXGroup;
			children = (
				7C87BE8A1CA0811600459DEC /* Spin_1_0_0UITests.swift */,
				7C87BE8C1CA0811600459DEC /* Info.plist */,
			);
			path = Spin_1.0.0UITests;
			sourceTree = "<group>";
		};
/* End PBXGroup section */

/* Begin PBXNativeTarget section */
		7C87BE661CA0811600459DEC /* Spin_1.0.0 */ = {
			isa = PBXNativeTarget;
			buildConfigurationList = 7C87BE8F1CA0811600459DEC /* Build configuration list for PBXNativeTarget "Spin_1.0.0" */;
			buildPhases = (
				7C87BE631CA0811600459DEC /* Sources */,
				7C87BE641CA0811600459DEC /* Frameworks */,
				7C87BE651CA0811600459DEC /* Resources */,
			);
			buildRules = (
			);
			dependencies = (
			);
			name = Spin_1.0.0;
			productName = Spin_1.0.0;
			productReference = 7C87BE671CA0811600459DEC /* Spin_1.0.0.app */;
			productType = "com.apple.product-type.application";
		};
		7C87BE7A1CA0811600459DEC /* Spin_1.0.0Tests */ = {
			isa = PBXNativeTarget;
			buildConfigurationList = 7C87BE921CA0811600459DEC /* Build configuration list for PBXNativeTarget "Spin_1.0.0Tests" */;
			buildPhases = (
				7C87BE771CA0811600459DEC /* Sources */,
				7C87BE781CA0811600459DEC /* Frameworks */,
				7C87BE791CA0811600459DEC /* Resources */,
			);
			buildRules = (
			);
			dependencies = (
				7C87BE7D1CA0811600459DEC /* PBXTargetDependency */,
			);
			name = Spin_1.0.0Tests;
			productName = Spin_1.0.0Tests;
			productReference = 7C87BE7B1CA0811600459DEC /* Spin_1.0.0Tests.xctest */;
			productType = "com.apple.product-type.bundle.unit-test";
		};
		7C87BE851CA0811600459DEC /* Spin_1.0.0UITests */ = {
			isa = PBXNativeTarget;
			buildConfigurationList = 7C87BE951CA0811600459DEC /* Build configuration list for PBXNativeTarget "Spin_1.0.0UITests" */;
			buildPhases = (
				7C87BE821CA0811600459DEC /* Sources */,
				7C87BE831CA0811600459DEC /* Frameworks */,
				7C87BE841CA0811600459DEC /* Resources */,
			);
			buildRules = (
			);
			dependencies = (
				7C87BE881CA0811600459DEC /* PBXTargetDependency */,
			);
			name = Spin_1.0.0UITests;
			productName = Spin_1.0.0UITests;
			productReference = 7C87BE861CA0811600459DEC /* Spin_1.0.0UITests.xctest */;
			productType = "com.apple.product-type.bundle.ui-testing";
		};
/* End PBXNativeTarget section */

/* Begin PBXProject section */
		7C87BE5F1CA0811600459DEC /* Project object */ = {
			isa = PBXProject;
			attributes = {
				LastSwiftUpdateCheck = 0720;
				LastUpgradeCheck = 0720;
				ORGANIZATIONNAME = "Yohann Puri";
				TargetAttributes = {
					7C87BE661CA0811600459DEC = {
						CreatedOnToolsVersion = 7.2;
					};
					7C87BE7A1CA0811600459DEC = {
						CreatedOnToolsVersion = 7.2;
						TestTargetID = 7C87BE661CA0811600459DEC;
					};
					7C87BE851CA0811600459DEC = {
						CreatedOnToolsVersion = 7.2;
						TestTargetID = 7C87BE661CA0811600459DEC;
					};
				};
			};
			buildConfigurationList = 7C87BE621CA0811600459DEC /* Build configuration list for PBXProject "Spin_1.0.0" */;
			compatibilityVersion = "Xcode 3.2";
			developmentRegion = English;
			hasScannedForEncodings = 0;
			knownRegions = (
				en,
				Base,
			);
			mainGroup = 7C87BE5E1CA0811600459DEC;
			productRefGroup = 7C87BE681CA0811600459DEC /* Products */;
			projectDirPath = "";
			projectRoot = "";
			targets = (
				7C87BE661CA0811600459DEC /* Spin_1.0.0 */,
				7C87BE7A1CA0811600459DEC /* Spin_1.0.0Tests */,
				7C87BE851CA0811600459DEC /* Spin_1.0.0UITests */,
			);
		};
/* End PBXProject section */

/* Begin PBXResourcesBuildPhase section */
		7C87BE651CA0811600459DEC /* Resources */ = {
			isa = PBXResourcesBuildPhase;
			buildActionMask = 2147483647;
			files = (
				7CF47C891CA8B8D10060FA3A /* Main.storyboard in Resources */,
				7C87BE751CA0811600459DEC /* LaunchScreen.storyboard in Resources */,
				7C87BE721CA0811600459DEC /* Assets.xcassets in Resources */,
			);
			runOnlyForDeploymentPostprocessing = 0;
		};
		7C87BE791CA0811600459DEC /* Resources */ = {
			isa = PBXResourcesBuildPhase;
			buildActionMask = 2147483647;
			files = (
			);
			runOnlyForDeploymentPostprocessing = 0;
		};
		7C87BE841CA0811600459DEC /* Resources */ = {
			isa = PBXResourcesBuildPhase;
			buildActionMask = 2147483647;
			files = (
			);
			runOnlyForDeploymentPostprocessing = 0;
		};
/* End PBXResourcesBuildPhase section */

/* Begin PBXSourcesBuildPhase section */
		7C87BE631CA0811600459DEC /* Sources */ = {
			isa = PBXSourcesBuildPhase;
			buildActionMask = 2147483647;
			files = (
				7C87BE6B1CA0811600459DEC /* AppDelegate.swift in Sources */,
				7CF47C461CA8A93E0060FA3A /* Spin_1.0.0.xcdatamodeld in Sources */,
				7CEF8F0B1CA35D0B00CC7043 /* mainViewController.swift in Sources */,
				7CF47C851CA8B1150060FA3A /* addTaskViewController.swift in Sources */,
				7CD0EE971CA7904E00867CBD /* circularCollectionViewCell.swift in Sources */,
				7CB1D8B11CA760E70057491E /* circularButton.swift in Sources */,
			);
			runOnlyForDeploymentPostprocessing = 0;
		};
		7C87BE771CA0811600459DEC /* Sources */ = {
			isa = PBXSourcesBuildPhase;
			buildActionMask = 2147483647;
			files = (
				7C87BE801CA0811600459DEC /* Spin_1_0_0Tests.swift in Sources */,
			);
			runOnlyForDeploymentPostprocessing = 0;
		};
		7C87BE821CA0811600459DEC /* Sources */ = {
			isa = PBXSourcesBuildPhase;
			buildActionMask = 2147483647;
			files = (
				7C87BE8B1CA0811600459DEC /* Spin_1_0_0UITests.swift in Sources */,
			);
			runOnlyForDeploymentPostprocessing = 0;
		};
/* End PBXSourcesBuildPhase section */

/* Begin PBXTargetDependency section */
		7C87BE7D1CA0811600459DEC /* PBXTargetDependency */ = {
			isa = PBXTargetDependency;
			target = 7C87BE661CA0811600459DEC /* Spin_1.0.0 */;
			targetProxy = 7C87BE7C1CA0811600459DEC /* PBXContainerItemProxy */;
		};
		7C87BE881CA0811600459DEC /* PBXTargetDependency */ = {
			isa = PBXTargetDependency;
			target = 7C87BE661CA0811600459DEC /* Spin_1.0.0 */;
			targetProxy = 7C87BE871CA0811600459DEC /* PBXContainerItemProxy */;
		};
/* End PBXTargetDependency section */

/* Begin PBXVariantGroup section */
		7C87BE731CA0811600459DEC /* LaunchScreen.storyboard */ = {
			isa = PBXVariantGroup;
			children = (
				7C87BE741CA0811600459DEC /* Base */,
			);
			name = LaunchScreen.storyboard;
			sourceTree = "<group>";
		};
/* End PBXVariantGroup section */

/* Begin XCBuildConfiguration section */
		7C87BE8D1CA0811600459DEC /* Debug */ = {
			isa = XCBuildConfiguration;
			buildSettings = {
				ALWAYS_SEARCH_USER_PATHS = NO;
				CLANG_CXX_LANGUAGE_STANDARD = "gnu++0x";
				CLANG_CXX_LIBRARY = "libc++";
				CLANG_ENABLE_MODULES = YES;
				CLANG_ENABLE_OBJC_ARC = YES;
				CLANG_WARN_BOOL_CONVERSION = YES;
				CLANG_WARN_CONSTANT_CONVERSION = YES;
				CLANG_WARN_DIRECT_OBJC_ISA_USAGE = YES_ERROR;
				CLANG_WARN_EMPTY_BODY = YES;
				CLANG_WARN_ENUM_CONVERSION = YES;
				CLANG_WARN_INT_CONVERSION = YES;
				CLANG_WARN_OBJC_ROOT_CLASS = YES_ERROR;
				CLANG_WARN_UNREACHABLE_CODE = YES;
				CLANG_WARN__DUPLICATE_METHOD_MATCH = YES;
				"CODE_SIGN_IDENTITY[sdk=iphoneos*]" = "iPhone Developer";
				COPY_PHASE_STRIP = NO;
				DEBUG_INFORMATION_FORMAT = dwarf;
				ENABLE_STRICT_OBJC_MSGSEND = YES;
				ENABLE_TESTABILITY = YES;
				GCC_C_LANGUAGE_STANDARD = gnu99;
				GCC_DYNAMIC_NO_PIC = NO;
				GCC_NO_COMMON_BLOCKS = YES;
				GCC_OPTIMIZATION_LEVEL = 0;
				GCC_PREPROCESSOR_DEFINITIONS = (
					"DEBUG=1",
					"$(inherited)",
				);
				GCC_WARN_64_TO_32_BIT_CONVERSION = YES;
				GCC_WARN_ABOUT_RETURN_TYPE = YES_ERROR;
				GCC_WARN_UNDECLARED_SELECTOR = YES;
				GCC_WARN_UNINITIALIZED_AUTOS = YES_AGGRESSIVE;
				GCC_WARN_UNUSED_FUNCTION = YES;
				GCC_WARN_UNUSED_VARIABLE = YES;
				IPHONEOS_DEPLOYMENT_TARGET = 9.2;
				MTL_ENABLE_DEBUG_INFO = YES;
				ONLY_ACTIVE_ARCH = YES;
				SDKROOT = iphoneos;
				SWIFT_OPTIMIZATION_LEVEL = "-Onone";
			};
			name = Debug;
		};
		7C87BE8E1CA0811600459DEC /* Release */ = {
			isa = XCBuildConfiguration;
			buildSettings = {
				ALWAYS_SEARCH_USER_PATHS = NO;
				CLANG_CXX_LANGUAGE_STANDARD = "gnu++0x";
				CLANG_CXX_LIBRARY = "libc++";
				CLANG_ENABLE_MODULES = YES;
				CLANG_ENABLE_OBJC_ARC = YES;
				CLANG_WARN_BOOL_CONVERSION = YES;
				CLANG_WARN_CONSTANT_CONVERSION = YES;
				CLANG_WARN_DIRECT_OBJC_ISA_USAGE = YES_ERROR;
				CLANG_WARN_EMPTY_BODY = YES;
				CLANG_WARN_ENUM_CONVERSION = YES;
				CLANG_WARN_INT_CONVERSION = YES;
				CLANG_WARN_OBJC_ROOT_CLASS = YES_ERROR;
				CLANG_WARN_UNREACHABLE_CODE = YES;
				CLANG_WARN__DUPLICATE_METHOD_MATCH = YES;
				"CODE_SIGN_IDENTITY[sdk=iphoneos*]" = "iPhone Developer";
				COPY_PHASE_STRIP = NO;
				DEBUG_INFORMATION_FORMAT = "dwarf-with-dsym";
				ENABLE_NS_ASSERTIONS = NO;
				ENABLE_STRICT_OBJC_MSGSEND = YES;
				GCC_C_LANGUAGE_STANDARD = gnu99;
				GCC_NO_COMMON_BLOCKS = YES;
				GCC_WARN_64_TO_32_BIT_CONVERSION = YES;
				GCC_WARN_ABOUT_RETURN_TYPE = YES_ERROR;
				GCC_WARN_UNDECLARED_SELECTOR = YES;
				GCC_WARN_UNINITIALIZED_AUTOS = YES_AGGRESSIVE;
				GCC_WARN_UNUSED_FUNCTION = YES;
				GCC_WARN_UNUSED_VARIABLE = YES;
				IPHONEOS_DEPLOYMENT_TARGET = 9.2;
				MTL_ENABLE_DEBUG_INFO = NO;
				SDKROOT = iphoneos;
				VALIDATE_PRODUCT = YES;
			};
			name = Release;
		};
		7C87BE901CA0811600459DEC /* Debug */ = {
			isa = XCBuildConfiguration;
			buildSettings = {
				ASSETCATALOG_COMPILER_APPICON_NAME = AppIcon;
				INFOPLIST_FILE = Spin_1.0.0/Info.plist;
				LD_RUNPATH_SEARCH_PATHS = "$(inherited) @executable_path/Frameworks";
				PRODUCT_BUNDLE_IDENTIFIER = "com.yohannpuri.Spin-1-0-0";
				PRODUCT_NAME = "$(TARGET_NAME)";
			};
			name = Debug;
		};
		7C87BE911CA0811600459DEC /* Release */ = {
			isa = XCBuildConfiguration;
			buildSettings = {
				ASSETCATALOG_COMPILER_APPICON_NAME = AppIcon;
				INFOPLIST_FILE = Spin_1.0.0/Info.plist;
				LD_RUNPATH_SEARCH_PATHS = "$(inherited) @executable_path/Frameworks";
				PRODUCT_BUNDLE_IDENTIFIER = "com.yohannpuri.Spin-1-0-0";
				PRODUCT_NAME = "$(TARGET_NAME)";
			};
			name = Release;
		};
		7C87BE931CA0811600459DEC /* Debug */ = {
			isa = XCBuildConfiguration;
			buildSettings = {
				BUNDLE_LOADER = "$(TEST_HOST)";
				INFOPLIST_FILE = Spin_1.0.0Tests/Info.plist;
				LD_RUNPATH_SEARCH_PATHS = "$(inherited) @executable_path/Frameworks @loader_path/Frameworks";
				PRODUCT_BUNDLE_IDENTIFIER = "com.yohannpuri.Spin-1-0-0Tests";
				PRODUCT_NAME = "$(TARGET_NAME)";
				TEST_HOST = "$(BUILT_PRODUCTS_DIR)/Spin_1.0.0.app/Spin_1.0.0";
			};
			name = Debug;
		};
		7C87BE941CA0811600459DEC /* Release */ = {
			isa = XCBuildConfiguration;
			buildSettings = {
				BUNDLE_LOADER = "$(TEST_HOST)";
				INFOPLIST_FILE = Spin_1.0.0Tests/Info.plist;
				LD_RUNPATH_SEARCH_PATHS = "$(inherited) @executable_path/Frameworks @loader_path/Frameworks";
				PRODUCT_BUNDLE_IDENTIFIER = "com.yohannpuri.Spin-1-0-0Tests";
				PRODUCT_NAME = "$(TARGET_NAME)";
				TEST_HOST = "$(BUILT_PRODUCTS_DIR)/Spin_1.0.0.app/Spin_1.0.0";
			};
			name = Release;
		};
		7C87BE961CA0811600459DEC /* Debug */ = {
			isa = XCBuildConfiguration;
			buildSettings = {
				INFOPLIST_FILE = Spin_1.0.0UITests/Info.plist;
				LD_RUNPATH_SEARCH_PATHS = "$(inherited) @executable_path/Frameworks @loader_path/Frameworks";
				PRODUCT_BUNDLE_IDENTIFIER = "com.yohannpuri.Spin-1-0-0UITests";
				PRODUCT_NAME = "$(TARGET_NAME)";
				TEST_TARGET_NAME = Spin_1.0.0;
				USES_XCTRUNNER = YES;
			};
			name = Debug;
		};
		7C87BE971CA0811600459DEC /* Release */ = {
			isa = XCBuildConfiguration;
			buildSettings = {
				INFOPLIST_FILE = Spin_1.0.0UITests/Info.plist;
				LD_RUNPATH_SEARCH_PATHS = "$(inherited) @executable_path/Frameworks @loader_path/Frameworks";
				PRODUCT_BUNDLE_IDENTIFIER = "com.yohannpuri.Spin-1-0-0UITests";
				PRODUCT_NAME = "$(TARGET_NAME)";
				TEST_TARGET_NAME = Spin_1.0.0;
				USES_XCTRUNNER = YES;
			};
			name = Release;
		};
/* End XCBuildConfiguration section */

/* Begin XCConfigurationList section */
		7C87BE621CA0811600459DEC /* Build configuration list for PBXProject "Spin_1.0.0" */ = {
			isa = XCConfigurationList;
			buildConfigurations = (
				7C87BE8D1CA0811600459DEC /* Debug */,
				7C87BE8E1CA0811600459DEC /* Release */,
			);
			defaultConfigurationIsVisible = 0;
			defaultConfigurationName = Release;
		};
		7C87BE8F1CA0811600459DEC /* Build configuration list for PBXNativeTarget "Spin_1.0.0" */ = {
			isa = XCConfigurationList;
			buildConfigurations = (
				7C87BE901CA0811600459DEC /* Debug */,
				7C87BE911CA0811600459DEC /* Release */,
			);
			defaultConfigurationIsVisible = 0;
			defaultConfigurationName = Release;
		};
		7C87BE921CA0811600459DEC /* Build configuration list for PBXNativeTarget "Spin_1.0.0Tests" */ = {
			isa = XCConfigurationList;
			buildConfigurations = (
				7C87BE931CA0811600459DEC /* Debug */,
				7C87BE941CA0811600459DEC /* Release */,
			);
			defaultConfigurationIsVisible = 0;
			defaultConfigurationName = Release;
		};
		7C87BE951CA0811600459DEC /* Build configuration list for PBXNativeTarget "Spin_1.0.0UITests" */ = {
			isa = XCConfigurationList;
			buildConfigurations = (
				7C87BE961CA0811600459DEC /* Debug */,
				7C87BE971CA0811600459DEC /* Release */,
			);
			defaultConfigurationIsVisible = 0;
			defaultConfigurationName = Release;
		};
/* End XCConfigurationList section */

/* Begin XCVersionGroup section */
		7CF47C441CA8A93E0060FA3A /* Spin_1.0.0.xcdatamodeld */ = {
			isa = XCVersionGroup;
			children = (
				7CF47C451CA8A93E0060FA3A /* Spin_1.0.0.xcdatamodel */,
			);
			currentVersion = 7CF47C451CA8A93E0060FA3A /* Spin_1.0.0.xcdatamodel */;
			path = Spin_1.0.0.xcdatamodeld;
			sourceTree = "<group>";
			versionGroupType = wrapper.xcdatamodel;
		};
/* End XCVersionGroup section */
	};
	rootObject = 7C87BE5F1CA0811600459DEC /* Project object */;
}
